
Microsoft Visual Studio Solution File, Format Version 12.00
# Visual Studio Version 16
VisualStudioVersion = 16.0.31410.357
MinimumVisualStudioVersion = 10.0.40219.1
Project("{FAE04EC0-301F-11D3-BF4B-00C04F79EFBC}") = "NamesAnalyzer", "NamesAnalyzer\NamesAnalyzer\NamesAnalyzer.csproj", "{73B529D7-3E43-4119-BFE3-8BB13C0770DE}"
EndProject
Project("{FAE04EC0-301F-11D3-BF4B-00C04F79EFBC}") = "NamesAnalyzer.CodeFixes", "NamesAnalyzer\NamesAnalyzer.CodeFixes\NamesAnalyzer.CodeFixes.csproj", "{50C0B752-2508-44D8-ADC2-3B9720C3373C}"
EndProject
Project("{FAE04EC0-301F-11D3-BF4B-00C04F79EFBC}") = "NamesAnalyzer.Package", "NamesAnalyzer\NamesAnalyzer.Package\NamesAnalyzer.Package.csproj", "{ECE4180D-1FC0-4826-9DCC-75A1A4417D18}"
EndProject
Project("{FAE04EC0-301F-11D3-BF4B-00C04F79EFBC}") = "NamesAnalyzer.Test", "NamesAnalyzer\NamesAnalyzer.Test\NamesAnalyzer.Test.csproj", "{C5FCA56C-456D-4A10-9374-5D62E340C1FB}"
EndProject
Project("{FAE04EC0-301F-11D3-BF4B-00C04F79EFBC}") = "NamesAnalyzer.Vsix", "NamesAnalyzer\NamesAnalyzer.Vsix\NamesAnalyzer.Vsix.csproj", "{F87D27E3-FDB7-4C60-A4DA-F75965791FA0}"
EndProject
Global
	GlobalSection(SolutionConfigurationPlatforms) = preSolution
		Debug|Any CPU = Debug|Any CPU
		Release|Any CPU = Release|Any CPU
	EndGlobalSection
	GlobalSection(ProjectConfigurationPlatforms) = postSolution
		{73B529D7-3E43-4119-BFE3-8BB13C0770DE}.Debug|Any CPU.ActiveCfg = Debug|Any CPU
		{73B529D7-3E43-4119-BFE3-8BB13C0770DE}.Debug|Any CPU.Build.0 = Debug|Any CPU
		{73B529D7-3E43-4119-BFE3-8BB13C0770DE}.Release|Any CPU.ActiveCfg = Release|Any CPU
		{73B529D7-3E43-4119-BFE3-8BB13C0770DE}.Release|Any CPU.Build.0 = Release|Any CPU
		{50C0B752-2508-44D8-ADC2-3B9720C3373C}.Debug|Any CPU.ActiveCfg = Debug|Any CPU
		{50C0B752-2508-44D8-ADC2-3B9720C3373C}.Debug|Any CPU.Build.0 = Debug|Any CPU
		{50C0B752-2508-44D8-ADC2-3B9720C3373C}.Release|Any CPU.ActiveCfg = Release|Any CPU
		{50C0B752-2508-44D8-ADC2-3B9720C3373C}.Release|Any CPU.Build.0 = Release|Any CPU
		{ECE4180D-1FC0-4826-9DCC-75A1A4417D18}.Debug|Any CPU.ActiveCfg = Debug|Any CPU
		{ECE4180D-1FC0-4826-9DCC-75A1A4417D18}.Debug|Any CPU.Build.0 = Debug|Any CPU
		{ECE4180D-1FC0-4826-9DCC-75A1A4417D18}.Release|Any CPU.ActiveCfg = Release|Any CPU
		{ECE4180D-1FC0-4826-9DCC-75A1A4417D18}.Release|Any CPU.Build.0 = Release|Any CPU
		{C5FCA56C-456D-4A10-9374-5D62E340C1FB}.Debug|Any CPU.ActiveCfg = Debug|Any CPU
		{C5FCA56C-456D-4A10-9374-5D62E340C1FB}.Debug|Any CPU.Build.0 = Debug|Any CPU
		{C5FCA56C-456D-4A10-9374-5D62E340C1FB}.Release|Any CPU.ActiveCfg = Release|Any CPU
		{C5FCA56C-456D-4A10-9374-5D62E340C1FB}.Release|Any CPU.Build.0 = Release|Any CPU
		{F87D27E3-FDB7-4C60-A4DA-F75965791FA0}.Debug|Any CPU.ActiveCfg = Debug|Any CPU
		{F87D27E3-FDB7-4C60-A4DA-F75965791FA0}.Debug|Any CPU.Build.0 = Debug|Any CPU
		{F87D27E3-FDB7-4C60-A4DA-F75965791FA0}.Release|Any CPU.ActiveCfg = Release|Any CPU
		{F87D27E3-FDB7-4C60-A4DA-F75965791FA0}.Release|Any CPU.Build.0 = Release|Any CPU
	EndGlobalSection
	GlobalSection(SolutionProperties) = preSolution
		HideSolutionNode = FALSE
	EndGlobalSection
	GlobalSection(ExtensibilityGlobals) = postSolution
		SolutionGuid = {78D146CE-9779-44B9-9D80-4C8A5F2CB39A}
	EndGlobalSection
EndGlobal
